
Microsoft Visual Studio Solution File, Format Version 12.00
# Visual Studio Version 16
VisualStudioVersion = 16.0.31105.61
MinimumVisualStudioVersion = 10.0.40219.1
Project("{9A19103F-16F7-4668-BE54-9A1E7A4F7556}") = "LabControls", "WinFormsControlLab\LabControls.csproj", "{ECF1680D-FF29-4994-9454-535CE0390F8C}"
EndProject
Project("{FAE04EC0-301F-11D3-BF4B-00C04F79EFBC}") = "TestControlsApplication", "TestControlsApplication\TestControlsApplication.csproj", "{761BB244-DE7D-474C-9870-904774097E32}"
EndProject
Global
	GlobalSection(SolutionConfigurationPlatforms) = preSolution
		Debug|Any CPU = Debug|Any CPU
		Release|Any CPU = Release|Any CPU
	EndGlobalSection
	GlobalSection(ProjectConfigurationPlatforms) = postSolution
		{ECF1680D-FF29-4994-9454-535CE0390F8C}.Debug|Any CPU.ActiveCfg = Debug|Any CPU
		{ECF1680D-FF29-4994-9454-535CE0390F8C}.Debug|Any CPU.Build.0 = Debug|Any CPU
		{ECF1680D-FF29-4994-9454-535CE0390F8C}.Release|Any CPU.ActiveCfg = Release|Any CPU
		{ECF1680D-FF29-4994-9454-535CE0390F8C}.Release|Any CPU.Build.0 = Release|Any CPU
		{761BB244-DE7D-474C-9870-904774097E32}.Debug|Any CPU.ActiveCfg = Debug|Any CPU
		{761BB244-DE7D-474C-9870-904774097E32}.Debug|Any CPU.Build.0 = Debug|Any CPU
		{761BB244-DE7D-474C-9870-904774097E32}.Release|Any CPU.ActiveCfg = Release|Any CPU
		{761BB244-DE7D-474C-9870-904774097E32}.Release|Any CPU.Build.0 = Release|Any CPU
	EndGlobalSection
	GlobalSection(SolutionProperties) = preSolution
		HideSolutionNode = FALSE
	EndGlobalSection
	GlobalSection(ExtensibilityGlobals) = postSolution
		SolutionGuid = {54A9D2BD-8CDD-4612-89AE-F380FBCF5375}
	EndGlobalSection
EndGlobal
